
Microsoft Visual Studio Solution File, Format Version 12.00
# Visual Studio Version 17
VisualStudioVersion = 17.0.32014.148
MinimumVisualStudioVersion = 10.0.40219.1
Project("{FAE04EC0-301F-11D3-BF4B-00C04F79EFBC}") = "StarbucksNero", "StarbucksNero\StarbucksNero.csproj", "{45462283-5990-4193-B171-7B9806C4DD40}"
EndProject
Global
	GlobalSection(SolutionConfigurationPlatforms) = preSolution
		Debug|Any CPU = Debug|Any CPU
		Release|Any CPU = Release|Any CPU
	EndGlobalSection
	GlobalSection(ProjectConfigurationPlatforms) = postSolution
		{45462283-5990-4193-B171-7B9806C4DD40}.Debug|Any CPU.ActiveCfg = Debug|Any CPU
		{45462283-5990-4193-B171-7B9806C4DD40}.Debug|Any CPU.Build.0 = Debug|Any CPU
		{45462283-5990-4193-B171-7B9806C4DD40}.Release|Any CPU.ActiveCfg = Release|Any CPU
		{45462283-5990-4193-B171-7B9806C4DD40}.Release|Any CPU.Build.0 = Release|Any CPU
	EndGlobalSection
	GlobalSection(SolutionProperties) = preSolution
		HideSolutionNode = FALSE
	EndGlobalSection
	GlobalSection(ExtensibilityGlobals) = postSolution
		SolutionGuid = {57487647-96E9-4A90-9209-BFE46DA0AF9D}
	EndGlobalSection
EndGlobal
